
Microsoft Visual Studio Solution File, Format Version 12.00
# Visual Studio Version 17
VisualStudioVersion = 17.14.36109.1
MinimumVisualStudioVersion = 10.0.40219.1
Project("{FAE04EC0-301F-11D3-BF4B-00C04F79EFBC}") = "Finally", "WpfApp1\Finally.csproj", "{E43E6086-F6CF-440D-97DB-544D1832134F}"
EndProject
Global
	GlobalSection(SolutionConfigurationPlatforms) = preSolution
		Debug|Any CPU = Debug|Any CPU
		Release|Any CPU = Release|Any CPU
	EndGlobalSection
	GlobalSection(ProjectConfigurationPlatforms) = postSolution
		{E43E6086-F6CF-440D-97DB-544D1832134F}.Debug|Any CPU.ActiveCfg = Debug|Any CPU
		{E43E6086-F6CF-440D-97DB-544D1832134F}.Debug|Any CPU.Build.0 = Debug|Any CPU
		{E43E6086-F6CF-440D-97DB-544D1832134F}.Release|Any CPU.ActiveCfg = Release|Any CPU
		{E43E6086-F6CF-440D-97DB-544D1832134F}.Release|Any CPU.Build.0 = Release|Any CPU
	EndGlobalSection
	GlobalSection(SolutionProperties) = preSolution
		HideSolutionNode = FALSE
	EndGlobalSection
	GlobalSection(ExtensibilityGlobals) = postSolution
		SolutionGuid = {D9B0C6BF-FD4A-4910-8EF6-5C0068109F55}
	EndGlobalSection
EndGlobal
